
Microsoft Visual Studio Solution File, Format Version 12.00
Project("{FAE04EC0-301F-11D3-BF4B-00C04F79EFBC}") = "OTelPrimer", "OTelPrimer\OTelPrimer.csproj", "{E9C6BADA-88E7-4684-BA8A-BC9E2FC8F084}"
EndProject
Project("{FAE04EC0-301F-11D3-BF4B-00C04F79EFBC}") = "OtelPrimer.Tests", "OtelPrimer.Tests\OtelPrimer.Tests.csproj", "{DC5083A9-492C-4866-A406-2AFF78417F24}"
EndProject
Global
	GlobalSection(SolutionConfigurationPlatforms) = preSolution
		Debug|Any CPU = Debug|Any CPU
		Release|Any CPU = Release|Any CPU
	EndGlobalSection
	GlobalSection(ProjectConfigurationPlatforms) = postSolution
		{E9C6BADA-88E7-4684-BA8A-BC9E2FC8F084}.Debug|Any CPU.ActiveCfg = Debug|Any CPU
		{E9C6BADA-88E7-4684-BA8A-BC9E2FC8F084}.Debug|Any CPU.Build.0 = Debug|Any CPU
		{E9C6BADA-88E7-4684-BA8A-BC9E2FC8F084}.Release|Any CPU.ActiveCfg = Release|Any CPU
		{E9C6BADA-88E7-4684-BA8A-BC9E2FC8F084}.Release|Any CPU.Build.0 = Release|Any CPU
		{DC5083A9-492C-4866-A406-2AFF78417F24}.Debug|Any CPU.ActiveCfg = Debug|Any CPU
		{DC5083A9-492C-4866-A406-2AFF78417F24}.Debug|Any CPU.Build.0 = Debug|Any CPU
		{DC5083A9-492C-4866-A406-2AFF78417F24}.Release|Any CPU.ActiveCfg = Release|Any CPU
		{DC5083A9-492C-4866-A406-2AFF78417F24}.Release|Any CPU.Build.0 = Release|Any CPU
	EndGlobalSection
EndGlobal
